
Microsoft Visual Studio Solution File, Format Version 12.00
# Visual Studio Version 17
VisualStudioVersion = 17.3.32825.248
MinimumVisualStudioVersion = 10.0.40219.1
Project("{FAE04EC0-301F-11D3-BF4B-00C04F79EFBC}") = "LoymarkAPI", "LoymarkAPI\LoymarkAPI.csproj", "{503C82D0-C147-4213-9854-97B5F48BB72C}"
EndProject
Global
	GlobalSection(SolutionConfigurationPlatforms) = preSolution
		Debug|Any CPU = Debug|Any CPU
		Release|Any CPU = Release|Any CPU
	EndGlobalSection
	GlobalSection(ProjectConfigurationPlatforms) = postSolution
		{503C82D0-C147-4213-9854-97B5F48BB72C}.Debug|Any CPU.ActiveCfg = Debug|Any CPU
		{503C82D0-C147-4213-9854-97B5F48BB72C}.Debug|Any CPU.Build.0 = Debug|Any CPU
		{503C82D0-C147-4213-9854-97B5F48BB72C}.Release|Any CPU.ActiveCfg = Release|Any CPU
		{503C82D0-C147-4213-9854-97B5F48BB72C}.Release|Any CPU.Build.0 = Release|Any CPU
	EndGlobalSection
	GlobalSection(SolutionProperties) = preSolution
		HideSolutionNode = FALSE
	EndGlobalSection
	GlobalSection(ExtensibilityGlobals) = postSolution
		SolutionGuid = {81072728-F28C-4823-9042-87EBFDEB44FF}
	EndGlobalSection
EndGlobal
